
Microsoft Visual Studio Solution File, Format Version 12.00
# Visual Studio Version 17
VisualStudioVersion = 17.0.31903.59
MinimumVisualStudioVersion = 10.0.40219.1
Project("{2150E333-8FDC-42A3-9474-1A3956D46DE8}") = "Lesson_5", "Lesson_5", "{D7DD6F84-FD1E-4CC3-A0DD-56DC3027C406}"
EndProject
Project("{FAE04EC0-301F-11D3-BF4B-00C04F79EFBC}") = "Task_4", "Lesson_5\Task_4\Task_4.csproj", "{DCA23BE0-81FF-43E7-AF67-49287C4257DC}"
EndProject
Project("{FAE04EC0-301F-11D3-BF4B-00C04F79EFBC}") = "Library", "Library\Library.csproj", "{6594923A-6EA3-4E02-A5D0-13B995E9DE14}"
EndProject
Project("{FAE04EC0-301F-11D3-BF4B-00C04F79EFBC}") = "Task_5", "Lesson_5\Task_5\Task_5.csproj", "{9A235860-3D28-4253-9FC0-010601290343}"
EndProject
Project("{2150E333-8FDC-42A3-9474-1A3956D46DE8}") = "Lesson_6", "Lesson_6", "{65F363D2-02F7-4E75-8B0E-839607E23B55}"
EndProject
Project("{FAE04EC0-301F-11D3-BF4B-00C04F79EFBC}") = "Task_1", "Lesson_6\Task_1\Task_1.csproj", "{589ECCBD-FA4F-4942-8A31-2D723A6502A8}"
EndProject
Global
	GlobalSection(SolutionConfigurationPlatforms) = preSolution
		Debug|Any CPU = Debug|Any CPU
		Release|Any CPU = Release|Any CPU
	EndGlobalSection
	GlobalSection(SolutionProperties) = preSolution
		HideSolutionNode = FALSE
	EndGlobalSection
	GlobalSection(ProjectConfigurationPlatforms) = postSolution
		{DCA23BE0-81FF-43E7-AF67-49287C4257DC}.Debug|Any CPU.ActiveCfg = Debug|Any CPU
		{DCA23BE0-81FF-43E7-AF67-49287C4257DC}.Debug|Any CPU.Build.0 = Debug|Any CPU
		{DCA23BE0-81FF-43E7-AF67-49287C4257DC}.Release|Any CPU.ActiveCfg = Release|Any CPU
		{DCA23BE0-81FF-43E7-AF67-49287C4257DC}.Release|Any CPU.Build.0 = Release|Any CPU
		{6594923A-6EA3-4E02-A5D0-13B995E9DE14}.Debug|Any CPU.ActiveCfg = Debug|Any CPU
		{6594923A-6EA3-4E02-A5D0-13B995E9DE14}.Debug|Any CPU.Build.0 = Debug|Any CPU
		{6594923A-6EA3-4E02-A5D0-13B995E9DE14}.Release|Any CPU.ActiveCfg = Release|Any CPU
		{6594923A-6EA3-4E02-A5D0-13B995E9DE14}.Release|Any CPU.Build.0 = Release|Any CPU
		{9A235860-3D28-4253-9FC0-010601290343}.Debug|Any CPU.ActiveCfg = Debug|Any CPU
		{9A235860-3D28-4253-9FC0-010601290343}.Debug|Any CPU.Build.0 = Debug|Any CPU
		{9A235860-3D28-4253-9FC0-010601290343}.Release|Any CPU.ActiveCfg = Release|Any CPU
		{9A235860-3D28-4253-9FC0-010601290343}.Release|Any CPU.Build.0 = Release|Any CPU
		{589ECCBD-FA4F-4942-8A31-2D723A6502A8}.Debug|Any CPU.ActiveCfg = Debug|Any CPU
		{589ECCBD-FA4F-4942-8A31-2D723A6502A8}.Debug|Any CPU.Build.0 = Debug|Any CPU
		{589ECCBD-FA4F-4942-8A31-2D723A6502A8}.Release|Any CPU.ActiveCfg = Release|Any CPU
		{589ECCBD-FA4F-4942-8A31-2D723A6502A8}.Release|Any CPU.Build.0 = Release|Any CPU
	EndGlobalSection
	GlobalSection(NestedProjects) = preSolution
		{DCA23BE0-81FF-43E7-AF67-49287C4257DC} = {D7DD6F84-FD1E-4CC3-A0DD-56DC3027C406}
		{9A235860-3D28-4253-9FC0-010601290343} = {D7DD6F84-FD1E-4CC3-A0DD-56DC3027C406}
		{589ECCBD-FA4F-4942-8A31-2D723A6502A8} = {65F363D2-02F7-4E75-8B0E-839607E23B55}
	EndGlobalSection
EndGlobal
